
Microsoft Visual Studio Solution File, Format Version 12.00
# Visual Studio Version 16
VisualStudioVersion = 16.0.31019.35
MinimumVisualStudioVersion = 10.0.40219.1
Project("{FAE04EC0-301F-11D3-BF4B-00C04F79EFBC}") = "FormApp", "FormApp\FormApp.csproj", "{66CDD7B6-29DD-46B3-B2B6-ACA2F33F0B1B}"
EndProject
Global
	GlobalSection(SolutionConfigurationPlatforms) = preSolution
		Debug|Any CPU = Debug|Any CPU
		Release|Any CPU = Release|Any CPU
	EndGlobalSection
	GlobalSection(ProjectConfigurationPlatforms) = postSolution
		{66CDD7B6-29DD-46B3-B2B6-ACA2F33F0B1B}.Debug|Any CPU.ActiveCfg = Debug|Any CPU
		{66CDD7B6-29DD-46B3-B2B6-ACA2F33F0B1B}.Debug|Any CPU.Build.0 = Debug|Any CPU
		{66CDD7B6-29DD-46B3-B2B6-ACA2F33F0B1B}.Release|Any CPU.ActiveCfg = Release|Any CPU
		{66CDD7B6-29DD-46B3-B2B6-ACA2F33F0B1B}.Release|Any CPU.Build.0 = Release|Any CPU
	EndGlobalSection
	GlobalSection(SolutionProperties) = preSolution
		HideSolutionNode = FALSE
	EndGlobalSection
	GlobalSection(ExtensibilityGlobals) = postSolution
		SolutionGuid = {0578BB8C-F6E6-4376-8885-8D910D1CBDD0}
	EndGlobalSection
EndGlobal
